github.com/davecgh/go-spew v1.1.1 h1:vj9j/u1bqnvCEfJOwUhtlOARqs3+rkHYY13jYWTU97c=
github.com/davecgh/go-spew v1.1.1/go.mod h1:J7Y8YcW2NihsgmVo/mv3lAwl/skON4iLHjSsI+c5H38=
github.com/zserge/metric v0.1.0 h1:IkYtSU/cSx7gnLZTJHrmblRtR3D4JVIvX7nnKELJT5U=
github.com/zserge/metric v0.1.0/go.mod h1:SfdmUuuSJsSXW4W5sdU34LILvn+nHLufqIwNu22LW3c=
